fd2c8187defbe945b3cbfb738d24cf4e5d1e3a8fb875e8fc2383fde4c5ef65a9  server.py
62541c88a53fda51ae928c456712c9b432c6353dbde57865e670f36824ca43eb  plugins.py
c101ad60d470cf6199dd064f673ca65f0e04ff732b0db3c21a6acd46bfc24254  plugins/available/admin.py
bdf382c621d923502533b75bf61b8e1221ce42a1b795fc5820f5b0a7bfcdcf6c  plugins/available/backup.py
1325b86979be69b6a3cd362093a9db3d4e4aec5aa38ceb0bfa2ed9bf5c00ae2a  plugins/available/browser.py
bc0dbc6e85f5803c86f309a00f0afdb5361c42932d0f0d0052c1e8333a537a22  plugins/available/cache.py
cddbbdb9d468102e96ec3abf3a971f8e07a3b2b9b74a2923fcbe790d73d909e4  plugins/available/consult.py
dd6f037f359f240a9d59bf3512b4a54007d4933666b473d97a1ca2fc95ec4575  plugins/available/dav.py
8ae11fc6e44ea6b0ff4aff8e8bc51ca599c886664ce1fe0f922341343f783b01  plugins/available/db.py
47265872a7b6fb3fe2ed950ff4b91468c023b87241c144a0e3be56f3a3765b7d  plugins/available/devtools.py
e8348c14b256d3edfc5eb3774e1e4b4eb3952cbc1ee64bc27dfa8d999ebc659c  plugins/available/discovery.py
8ff21630ec34930d6d34be3a5197660146a850b6fa2b8162ebe496618171dc77  plugins/available/dom_patch.py
6c7a52ce30f94bfe1557e9ba3fcd294433807830773100e0435b7fd8b495c588  plugins/available/exec.py
4b99fc22eace91705f0c29ee14cffa40160b8ce520adf7760bda477c798d1dcb  plugins/available/fanout.py
6a9277c17d76c2e13f244eeb48b352d09a36fa9a276ce0a08aa09a23e5e5e3d3  plugins/available/fs.py
ec2f5011ef6753893bb41993ddb1a091fcd4b61bb3335f7e002d03b66fe00a45  plugins/available/fstab.py
d495dae299c0aca5024934f49036053c6823abc9978ffe97260eafd250298443  plugins/available/gpu.py
2931ef9958de897074e621a253cbc53fb12662a0d94bc82f1099291ea398ce25  plugins/available/health.py
1920771fafee36d1e73fc41208e3c56d750607f2d89ce6137b3957253e4979e0  plugins/available/info.py
20b951658f67fb094e9549077a229c379bdaf2a99a124a61f95710112d339dc6  plugins/available/mirror.py
3a75f46c1bf9e70a19e38246f6068f94307080fb4db511b46b2b5798f322ab2d  plugins/available/patch.py
020c7f721a52493d1a270d3e4000ac4e82dcb71bebd74951e09eddb7b91a1c16  plugins/available/postman.py
f5a0a8a4679d2bd874c9a36bd2907f8dddd373b0bf3cd775a41dda76de69bbd2  plugins/available/public_gate.py
098130062618eaf853d9cc12debc3aa8993bf8fdf0dfb33360198f686fcdeb6d  plugins/available/reality.py
5c046e4cfb5820a7090a229a2dce62172f09ba065a0dbdb7baf646ae4610419b  plugins/available/shell.py
13634b97af959448ce7fe29476cc07fed022c963897dcb73a6b31f54198ead50  plugins/available/sse.py
6ca86ddc64463f123ed1439d517f1662ef25374d9ce703d34592a41b6fe46551  plugins/available/sync.py
41bafdb9245f740f7b9f6a5586b45fa768b58523cca6027538ae60ebc3a6da68  plugins/available/translate.py
7a159d2d688130669286090c231e706cf54487499fe21086ebda3069275629ba  plugins/available/view.py
