d85f122edd6fa891d12a3e353ec9eb42c12c34b4abf9743886ff756349c89059  server.py
a9ea1ab0cabf12bc97e27bd004c3e628671d0ba8536292e74589607128958b3a  plugins.py
c101ad60d470cf6199dd064f673ca65f0e04ff732b0db3c21a6acd46bfc24254  plugins/available/admin.py
bdf382c621d923502533b75bf61b8e1221ce42a1b795fc5820f5b0a7bfcdcf6c  plugins/available/backup.py
1325b86979be69b6a3cd362093a9db3d4e4aec5aa38ceb0bfa2ed9bf5c00ae2a  plugins/available/browser.py
bc0dbc6e85f5803c86f309a00f0afdb5361c42932d0f0d0052c1e8333a537a22  plugins/available/cache.py
1b5ba2a3947ac50960e21cf5be21da9a04bafc40318c9f4816e56e1a40027c37  plugins/available/consult.py
3ebb42fce0b5657a310f2bfae8d096c103d0e040787d60ef529d8d27ed2523ac  plugins/available/dav.py
3dfc6b18fd147e022d27497541f12fd7dd09ebc2100e5dd409de160d962b4d47  plugins/available/db.py
4efe16d755c3aad444bbc199feeb0eb2e018d3fc322275c52f2dcf71b8d6cacb  plugins/available/devtools.py
e8348c14b256d3edfc5eb3774e1e4b4eb3952cbc1ee64bc27dfa8d999ebc659c  plugins/available/discovery.py
438c727ce9b0f3290f29637bf6c59ccfda87a0beb099729c78a2fac0a43eb7f7  plugins/available/dom_patch.py
efcab73026a7b9611404fdd534b48a7f18d8f032d022f559902b763c85734acb  plugins/available/example.py
6c7a52ce30f94bfe1557e9ba3fcd294433807830773100e0435b7fd8b495c588  plugins/available/exec.py
6a9277c17d76c2e13f244eeb48b352d09a36fa9a276ce0a08aa09a23e5e5e3d3  plugins/available/fs.py
ec2f5011ef6753893bb41993ddb1a091fcd4b61bb3335f7e002d03b66fe00a45  plugins/available/fstab.py
9a255f8ce5b2ed36eee287dff75f1546591773e5feaee48248e1df1cefca5043  plugins/available/gpu.py
2931ef9958de897074e621a253cbc53fb12662a0d94bc82f1099291ea398ce25  plugins/available/health.py
1920771fafee36d1e73fc41208e3c56d750607f2d89ce6137b3957253e4979e0  plugins/available/info.py
20b951658f67fb094e9549077a229c379bdaf2a99a124a61f95710112d339dc6  plugins/available/mirror.py
2bed2df414f9656d42e9e647e6fda2304b9f077729b9d474fa2c4eee2026b1f9  plugins/available/patch.py
23199a9b2f494383a045be5fbfee18dd7bd95455f72fb9e1bd6ccffca19586f8  plugins/available/postman.py
96f53bce344fcbbfa49331b62dc6e54067d3f1a88c99cd29d9a9ab4b2ba083e5  plugins/available/public_gate.py
098130062618eaf853d9cc12debc3aa8993bf8fdf0dfb33360198f686fcdeb6d  plugins/available/reality.py
29294d0bea54b9f3071b0d9df07e3dd43eb22fe45e452fde6619c2763f88c0b1  plugins/available/shell.py
284ce6ffd8e1b24ede414f2c28893e2ee60a4f7966ba70279cc9e2030f83e5aa  plugins/available/sse.py
6ca86ddc64463f123ed1439d517f1662ef25374d9ce703d34592a41b6fe46551  plugins/available/sync.py
c39fff2a4c9254d6181e16b98501b7b1bd7a7d2ca42f942f544b2c602fc366d8  plugins/available/translate.py
aba65e25164fdae465b02e1534f566e0351785e51e1bdc2c819576836114e4d7  plugins/available/url_auth.py
7a159d2d688130669286090c231e706cf54487499fe21086ebda3069275629ba  plugins/available/view.py
